{
  "name": "@displayxr/inline3d",
  "version": "1.28.0",
  "lockfileVersion": 3,
  "requires": true,
  "packages": {
    "": {
      "name": "@displayxr/inline3d",
      "version": "1.28.0",
      "license": "Apache-2.0",
      "devDependencies": {
        "@types/webxr": "^0.5.0",
        "typescript": "^5.4.0"
      },
      "engines": {
        "node": ">=18"
      },
      "peerDependencies": {
        "@sparkjsdev/spark": ">=2.0.0",
        "meshoptimizer": ">=1.0.0",
        "playcanvas": ">=2.22.3 <3",
        "three": ">=0.150.0"
      },
      "peerDependenciesMeta": {
        "@sparkjsdev/spark": {
          "optional": true
        },
        "meshoptimizer": {
          "optional": true
        },
        "playcanvas": {
          "optional": true
        },
        "three": {
          "optional": true
        }
      }
    },
    "node_modules/@types/webxr": {
      "version": "0.5.24",
      "resolved": "https://registry.npmjs.org/@types/webxr/-/webxr-0.5.24.tgz",
      "integrity": "sha512-h8fgEd/DpoS9CBrjEQXR+dIDraopAEfu4wYVNY2tEPwk60stPWhvZMf4Foo5FakuQ7HFZoa8WceaWFervK2Ovg==",
      "dev": true,
      "license": "MIT"
    },
    "node_modules/typescript": {
      "version": "5.9.3",
      "resolved": "https://registry.npmjs.org/typescript/-/typescript-5.9.3.tgz",
      "integrity": "sha512-jl1vZzPDinLr9eUt3J/t7V6FgNEw9QjvBPdysz9KfQDD41fQrC2Y4vKQdiaUpFT4bXlb1RHhLpp8wtm6M5TgSw==",
      "dev": true,
      "license": "Apache-2.0",
      "bin": {
        "tsc": "bin/tsc",
        "tsserver": "bin/tsserver"
      },
      "engines": {
        "node": ">=14.17"
      }
    }
  }
}
